GEM
  remote: http://www.rubygems.org/
  specs:
    colorize (0.5.8)
    execjs (1.4.0)
      multi_json (~> 1.0)
    multi_json (1.7.7)
    rkelly (1.0.7)
    uglifier (2.1.2)
      execjs (>= 0.3.0)
      multi_json (~> 1.0, >= 1.0.2)

PLATFORMS
  ruby

DEPENDENCIES
  colorize
  rkelly
  uglifier
